// !$*UTF8*$!
{
	archiveVersion = 1;
	classes = {
	};
	objectVersion = 50;
	objects = {

/* Begin PBXBuildFile section */
		9F479B65237AC4AD00CA1378 /* AppDelegate.swift in Sources */ = {isa = PBXBuildFile; fileRef = 9F479B64237AC4AD00CA1378 /* AppDelegate.swift */; };
		9F479B69237AC4AD00CA1378 /* MapViewController.swift in Sources */ = {isa = PBXBuildFile; fileRef = 9F479B68237AC4AD00CA1378 /* MapViewController.swift */; };
		9F479B6C237AC4AD00CA1378 /* Main.storyboard in Resources */ = {isa = PBXBuildFile; fileRef = 9F479B6A237AC4AD00CA1378 /* Main.storyboard */; };
		9F479B6F237AC4AD00CA1378 /* VirtualTouristStore.xcdatamodeld in Sources */ = {isa = PBXBuildFile; fileRef = 9F479B6D237AC4AD00CA1378 /* VirtualTouristStore.xcdatamodeld */; };
		9F479B71237AC4B500CA1378 /* Assets.xcassets in Resources */ = {isa = PBXBuildFile; fileRef = 9F479B70237AC4B500CA1378 /* Assets.xcassets */; };
		9F479B74237AC4B500CA1378 /* LaunchScreen.storyboard in Resources */ = {isa = PBXBuildFile; fileRef = 9F479B72237AC4B500CA1378 /* LaunchScreen.storyboard */; };
		9F492F89239E7280002908B3 /* DetailViewController.swift in Sources */ = {isa = PBXBuildFile; fileRef = 9F492F88239E7280002908B3 /* DetailViewController.swift */; };
		9F96523F23A0FC1A00A27237 /* FlickrApi.swift in Sources */ = {isa = PBXBuildFile; fileRef = 9F96523E23A0FC1A00A27237 /* FlickrApi.swift */; };
		9F96524223A0FC3B00A27237 /* FlickrPhoto.swift in Sources */ = {isa = PBXBuildFile; fileRef = 9F96524123A0FC3B00A27237 /* FlickrPhoto.swift */; };
		9F96524423A0FC5A00A27237 /* PhotoResponses.swift in Sources */ = {isa = PBXBuildFile; fileRef = 9F96524323A0FC5A00A27237 /* PhotoResponses.swift */; };
		9F96524623A0FCC600A27237 /* ErrorResponses.swift in Sources */ = {isa = PBXBuildFile; fileRef = 9F96524523A0FCC600A27237 /* ErrorResponses.swift */; };
		9FA07027238BF428001D9ED2 /* DataController.swift in Sources */ = {isa = PBXBuildFile; fileRef = 9FA07026238BF428001D9ED2 /* DataController.swift */; };
		9FC2C96C238E904900ED0A1E /* UIViewController+Extensions.swift in Sources */ = {isa = PBXBuildFile; fileRef = 9FC2C96B238E904900ED0A1E /* UIViewController+Extensions.swift */; };
/* End PBXBuildFile section */

/* Begin PBXFileReference section */
		9F479B61237AC4AD00CA1378 /* Virtual Tourist.app */ = {isa = PBXFileReference; explicitFileType = wrapper.application; includeInIndex = 0; path = "Virtual Tourist.app"; sourceTree = BUILT_PRODUCTS_DIR; };
		9F479B64237AC4AD00CA1378 /* AppDelegate.swift */ = {isa = PBXFileReference; lastKnownFileType = sourcecode.swift; path = AppDelegate.swift; sourceTree = "<group>"; };
		9F479B68237AC4AD00CA1378 /* MapViewController.swift */ = {isa = PBXFileReference; lastKnownFileType = sourcecode.swift; path = MapViewController.swift; sourceTree = "<group>"; };
		9F479B6B237AC4AD00CA1378 /* Base */ = {isa = PBXFileReference; lastKnownFileType = file.storyboard; name = Base; path = Base.lproj/Main.storyboard; sourceTree = "<group>"; };
		9F479B6E237AC4AD00CA1378 /* virtual_tourist.xcdatamodel */ = {isa = PBXFileReference; lastKnownFileType = wrapper.xcdatamodel; path = virtual_tourist.xcdatamodel; sourceTree = "<group>"; };
		9F479B70237AC4B500CA1378 /* Assets.xcassets */ = {isa = PBXFileReference; lastKnownFileType = folder.assetcatalog; path = Assets.xcassets; sourceTree = "<group>"; };
		9F479B73237AC4B500CA1378 /* Base */ = {isa = PBXFileReference; lastKnownFileType = file.storyboard; name = Base; path = Base.lproj/LaunchScreen.storyboard; sourceTree = "<group>"; };
		9F479B75237AC4B500CA1378 /* Info.plist */ = {isa = PBXFileReference; lastKnownFileType = text.plist.xml; path = Info.plist; sourceTree = "<group>"; };
		9F492F88239E7280002908B3 /* DetailViewController.swift */ = {isa = PBXFileReference; lastKnownFileType = sourcecode.swift; path = DetailViewController.swift; sourceTree = "<group>"; };
		9F96523E23A0FC1A00A27237 /* FlickrApi.swift */ = {isa = PBXFileReference; lastKnownFileType = sourcecode.swift; path = FlickrApi.swift; sourceTree = "<group>"; };
		9F96524123A0FC3B00A27237 /* FlickrPhoto.swift */ = {isa = PBXFileReference; lastKnownFileType = sourcecode.swift; path = FlickrPhoto.swift; sourceTree = "<group>"; };
		9F96524323A0FC5A00A27237 /* PhotoResponses.swift */ = {isa = PBXFileReference; lastKnownFileType = sourcecode.swift; path = PhotoResponses.swift; sourceTree = "<group>"; };
		9F96524523A0FCC600A27237 /* ErrorResponses.swift */ = {isa = PBXFileReference; lastKnownFileType = sourcecode.swift; path = ErrorResponses.swift; sourceTree = "<group>"; };
		9FA07026238BF428001D9ED2 /* DataController.swift */ = {isa = PBXFileReference; lastKnownFileType = sourcecode.swift; path = DataController.swift; sourceTree = "<group>"; };
		9FC2C96B238E904900ED0A1E /* UIViewController+Extensions.swift */ = {isa = PBXFileReference; lastKnownFileType = sourcecode.swift; path = "UIViewController+Extensions.swift"; sourceTree = "<group>"; };
/* End PBXFileReference section */

/* Begin PBXFrameworksBuildPhase section */
		9F479B5E237AC4AD00CA1378 /* Frameworks */ = {
			isa = PBXFrameworksBuildPhase;
			buildActionMask = 2147483647;
			files = (
			);
			runOnlyForDeploymentPostprocessing = 0;
		};
/* End PBXFrameworksBuildPhase section */

/* Begin PBXGroup section */
		9F479B58237AC4AD00CA1378 = {
			isa = PBXGroup;
			children = (
				9F479B63237AC4AD00CA1378 /* virtual-tourist */,
				9F479B62237AC4AD00CA1378 /* Products */,
			);
			sourceTree = "<group>";
		};
		9F479B62237AC4AD00CA1378 /* Products */ = {
			isa = PBXGroup;
			children = (
				9F479B61237AC4AD00CA1378 /* Virtual Tourist.app */,
			);
			name = Products;
			sourceTree = "<group>";
		};
		9F479B63237AC4AD00CA1378 /* virtual-tourist */ = {
			isa = PBXGroup;
			children = (
				9FA07024238BF107001D9ED2 /* View */,
				9FA07023238BF0FC001D9ED2 /* Controller */,
				9FA07022238BF0E3001D9ED2 /* Model */,
				9F479B64237AC4AD00CA1378 /* AppDelegate.swift */,
				9F479B70237AC4B500CA1378 /* Assets.xcassets */,
				9F479B75237AC4B500CA1378 /* Info.plist */,
			);
			path = "virtual-tourist";
			sourceTree = "<group>";
		};
		9F96523C23A0FBCD00A27237 /* Flickr */ = {
			isa = PBXGroup;
			children = (
				9F96524023A0FC2800A27237 /* Response */,
				9F96523D23A0FBF400A27237 /* Request */,
				9F96523E23A0FC1A00A27237 /* FlickrApi.swift */,
			);
			path = Flickr;
			sourceTree = "<group>";
		};
		9F96523D23A0FBF400A27237 /* Request */ = {
			isa = PBXGroup;
			children = (
			);
			path = Request;
			sourceTree = "<group>";
		};
		9F96524023A0FC2800A27237 /* Response */ = {
			isa = PBXGroup;
			children = (
				9F96524123A0FC3B00A27237 /* FlickrPhoto.swift */,
				9F96524323A0FC5A00A27237 /* PhotoResponses.swift */,
				9F96524523A0FCC600A27237 /* ErrorResponses.swift */,
			);
			path = Response;
			sourceTree = "<group>";
		};
		9FA07022238BF0E3001D9ED2 /* Model */ = {
			isa = PBXGroup;
			children = (
				9FA07025238BF12A001D9ED2 /* Data */,
			);
			path = Model;
			sourceTree = "<group>";
		};
		9FA07023238BF0FC001D9ED2 /* Controller */ = {
			isa = PBXGroup;
			children = (
				9F479B68237AC4AD00CA1378 /* MapViewController.swift */,
				9FC2C96B238E904900ED0A1E /* UIViewController+Extensions.swift */,
				9F492F88239E7280002908B3 /* DetailViewController.swift */,
			);
			path = Controller;
			sourceTree = "<group>";
		};
		9FA07024238BF107001D9ED2 /* View */ = {
			isa = PBXGroup;
			children = (
				9F479B6A237AC4AD00CA1378 /* Main.storyboard */,
				9F479B72237AC4B500CA1378 /* LaunchScreen.storyboard */,
			);
			path = View;
			sourceTree = "<group>";
		};
		9FA07025238BF12A001D9ED2 /* Data */ = {
			isa = PBXGroup;
			children = (
				9F96523C23A0FBCD00A27237 /* Flickr */,
				9F479B6D237AC4AD00CA1378 /* VirtualTouristStore.xcdatamodeld */,
				9FA07026238BF428001D9ED2 /* DataController.swift */,
			);
			path = Data;
			sourceTree = "<group>";
		};
/* End PBXGroup section */

/* Begin PBXNativeTarget section */
		9F479B60237AC4AD00CA1378 /* virtual-tourist */ = {
			isa = PBXNativeTarget;
			buildConfigurationList = 9F479B78237AC4B500CA1378 /* Build configuration list for PBXNativeTarget "virtual-tourist" */;
			buildPhases = (
				9F479B5D237AC4AD00CA1378 /* Sources */,
				9F479B5E237AC4AD00CA1378 /* Frameworks */,
				9F479B5F237AC4AD00CA1378 /* Resources */,
			);
			buildRules = (
			);
			dependencies = (
			);
			name = "virtual-tourist";
			productName = "virtual-tourist";
			productReference = 9F479B61237AC4AD00CA1378 /* Virtual Tourist.app */;
			productType = "com.apple.product-type.application";
		};
/* End PBXNativeTarget section */

/* Begin PBXProject section */
		9F479B59237AC4AD00CA1378 /* Project object */ = {
			isa = PBXProject;
			attributes = {
				LastSwiftUpdateCheck = 1110;
				LastUpgradeCheck = 1110;
				ORGANIZATIONNAME = "Hernand Azevedo";
				TargetAttributes = {
					9F479B60237AC4AD00CA1378 = {
						CreatedOnToolsVersion = 11.1;
					};
				};
			};
			buildConfigurationList = 9F479B5C237AC4AD00CA1378 /* Build configuration list for PBXProject "virtual-tourist" */;
			compatibilityVersion = "Xcode 9.3";
			developmentRegion = en;
			hasScannedForEncodings = 0;
			knownRegions = (
				en,
				Base,
			);
			mainGroup = 9F479B58237AC4AD00CA1378;
			productRefGroup = 9F479B62237AC4AD00CA1378 /* Products */;
			projectDirPath = "";
			projectRoot = "";
			targets = (
				9F479B60237AC4AD00CA1378 /* virtual-tourist */,
			);
		};
/* End PBXProject section */

/* Begin PBXResourcesBuildPhase section */
		9F479B5F237AC4AD00CA1378 /* Resources */ = {
			isa = PBXResourcesBuildPhase;
			buildActionMask = 2147483647;
			files = (
				9F479B74237AC4B500CA1378 /* LaunchScreen.storyboard in Resources */,
				9F479B71237AC4B500CA1378 /* Assets.xcassets in Resources */,
				9F479B6C237AC4AD00CA1378 /* Main.storyboard in Resources */,
			);
			runOnlyForDeploymentPostprocessing = 0;
		};
/* End PBXResourcesBuildPhase section */

/* Begin PBXSourcesBuildPhase section */
		9F479B5D237AC4AD00CA1378 /* Sources */ = {
			isa = PBXSourcesBuildPhase;
			buildActionMask = 2147483647;
			files = (
				9FA07027238BF428001D9ED2 /* DataController.swift in Sources */,
				9F96524223A0FC3B00A27237 /* FlickrPhoto.swift in Sources */,
				9F96523F23A0FC1A00A27237 /* FlickrApi.swift in Sources */,
				9F479B6F237AC4AD00CA1378 /* VirtualTouristStore.xcdatamodeld in Sources */,
				9FC2C96C238E904900ED0A1E /* UIViewController+Extensions.swift in Sources */,
				9F492F89239E7280002908B3 /* DetailViewController.swift in Sources */,
				9F479B69237AC4AD00CA1378 /* MapViewController.swift in Sources */,
				9F479B65237AC4AD00CA1378 /* AppDelegate.swift in Sources */,
				9F96524423A0FC5A00A27237 /* PhotoResponses.swift in Sources */,
				9F96524623A0FCC600A27237 /* ErrorResponses.swift in Sources */,
			);
			runOnlyForDeploymentPostprocessing = 0;
		};
/* End PBXSourcesBuildPhase section */

/* Begin PBXVariantGroup section */
		9F479B6A237AC4AD00CA1378 /* Main.storyboard */ = {
			isa = PBXVariantGroup;
			children = (
				9F479B6B237AC4AD00CA1378 /* Base */,
			);
			name = Main.storyboard;
			sourceTree = "<group>";
		};
		9F479B72237AC4B500CA1378 /* LaunchScreen.storyboard */ = {
			isa = PBXVariantGroup;
			children = (
				9F479B73237AC4B500CA1378 /* Base */,
			);
			name = LaunchScreen.storyboard;
			sourceTree = "<group>";
		};
/* End PBXVariantGroup section */

/* Begin XCBuildConfiguration section */
		9F479B76237AC4B500CA1378 /* Debug */ = {
			isa = XCBuildConfiguration;
			buildSettings = {
				ALWAYS_SEARCH_USER_PATHS = NO;
				CLANG_ANALYZER_NONNULL = YES;
				CLANG_ANALYZER_NUMBER_OBJECT_CONVERSION = YES_AGGRESSIVE;
				CLANG_CXX_LANGUAGE_STANDARD = "gnu++14";
				CLANG_CXX_LIBRARY = "libc++";
				CLANG_ENABLE_MODULES = YES;
				CLANG_ENABLE_OBJC_ARC = YES;
				CLANG_ENABLE_OBJC_WEAK = YES;
				CLANG_WARN_BLOCK_CAPTURE_AUTORELEASING = YES;
				CLANG_WARN_BOOL_CONVERSION = YES;
				CLANG_WARN_COMMA = YES;
				CLANG_WARN_CONSTANT_CONVERSION = YES;
				CLANG_WARN_DEPRECATED_OBJC_IMPLEMENTATIONS = YES;
				CLANG_WARN_DIRECT_OBJC_ISA_USAGE = YES_ERROR;
				CLANG_WARN_DOCUMENTATION_COMMENTS = YES;
				CLANG_WARN_EMPTY_BODY = YES;
				CLANG_WARN_ENUM_CONVERSION = YES;
				CLANG_WARN_INFINITE_RECURSION = YES;
				CLANG_WARN_INT_CONVERSION = YES;
				CLANG_WARN_NON_LITERAL_NULL_CONVERSION = YES;
				CLANG_WARN_OBJC_IMPLICIT_RETAIN_SELF = YES;
				CLANG_WARN_OBJC_LITERAL_CONVERSION = YES;
				CLANG_WARN_OBJC_ROOT_CLASS = YES_ERROR;
				CLANG_WARN_RANGE_LOOP_ANALYSIS = YES;
				CLANG_WARN_STRICT_PROTOTYPES = YES;
				CLANG_WARN_SUSPICIOUS_MOVE = YES;
				CLANG_WARN_UNGUARDED_AVAILABILITY = YES_AGGRESSIVE;
				CLANG_WARN_UNREACHABLE_CODE = YES;
				CLANG_WARN__DUPLICATE_METHOD_MATCH = YES;
				COPY_PHASE_STRIP = NO;
				DEBUG_INFORMATION_FORMAT = dwarf;
				ENABLE_STRICT_OBJC_MSGSEND = YES;
				ENABLE_TESTABILITY = YES;
				GCC_C_LANGUAGE_STANDARD = gnu11;
				GCC_DYNAMIC_NO_PIC = NO;
				GCC_NO_COMMON_BLOCKS = YES;
				GCC_OPTIMIZATION_LEVEL = 0;
				GCC_PREPROCESSOR_DEFINITIONS = (
					"DEBUG=1",
					"$(inherited)",
				);
				GCC_WARN_64_TO_32_BIT_CONVERSION = YES;
				GCC_WARN_ABOUT_RETURN_TYPE = YES_ERROR;
				GCC_WARN_UNDECLARED_SELECTOR = YES;
				GCC_WARN_UNINITIALIZED_AUTOS = YES_AGGRESSIVE;
				GCC_WARN_UNUSED_FUNCTION = YES;
				GCC_WARN_UNUSED_VARIABLE = YES;
				IPHONEOS_DEPLOYMENT_TARGET = 13.1;
				MTL_ENABLE_DEBUG_INFO = INCLUDE_SOURCE;
				MTL_FAST_MATH = YES;
				ONLY_ACTIVE_ARCH = YES;
				SDKROOT = iphoneos;
				SWIFT_ACTIVE_COMPILATION_CONDITIONS = DEBUG;
				SWIFT_OPTIMIZATION_LEVEL = "-Onone";
			};
			name = Debug;
		};
		9F479B77237AC4B500CA1378 /* Release */ = {
			isa = XCBuildConfiguration;
			buildSettings = {
				ALWAYS_SEARCH_USER_PATHS = NO;
				CLANG_ANALYZER_NONNULL = YES;
				CLANG_ANALYZER_NUMBER_OBJECT_CONVERSION = YES_AGGRESSIVE;
				CLANG_CXX_LANGUAGE_STANDARD = "gnu++14";
				CLANG_CXX_LIBRARY = "libc++";
				CLANG_ENABLE_MODULES = YES;
				CLANG_ENABLE_OBJC_ARC = YES;
				CLANG_ENABLE_OBJC_WEAK = YES;
				CLANG_WARN_BLOCK_CAPTURE_AUTORELEASING = YES;
				CLANG_WARN_BOOL_CONVERSION = YES;
				CLANG_WARN_COMMA = YES;
				CLANG_WARN_CONSTANT_CONVERSION = YES;
				CLANG_WARN_DEPRECATED_OBJC_IMPLEMENTATIONS = YES;
				CLANG_WARN_DIRECT_OBJC_ISA_USAGE = YES_ERROR;
				CLANG_WARN_DOCUMENTATION_COMMENTS = YES;
				CLANG_WARN_EMPTY_BODY = YES;
				CLANG_WARN_ENUM_CONVERSION = YES;
				CLANG_WARN_INFINITE_RECURSION = YES;
				CLANG_WARN_INT_CONVERSION = YES;
				CLANG_WARN_NON_LITERAL_NULL_CONVERSION = YES;
				CLANG_WARN_OBJC_IMPLICIT_RETAIN_SELF = YES;
				CLANG_WARN_OBJC_LITERAL_CONVERSION = YES;
				CLANG_WARN_OBJC_ROOT_CLASS = YES_ERROR;
				CLANG_WARN_RANGE_LOOP_ANALYSIS = YES;
				CLANG_WARN_STRICT_PROTOTYPES = YES;
				CLANG_WARN_SUSPICIOUS_MOVE = YES;
				CLANG_WARN_UNGUARDED_AVAILABILITY = YES_AGGRESSIVE;
				CLANG_WARN_UNREACHABLE_CODE = YES;
				CLANG_WARN__DUPLICATE_METHOD_MATCH = YES;
				COPY_PHASE_STRIP = NO;
				DEBUG_INFORMATION_FORMAT = "dwarf-with-dsym";
				ENABLE_NS_ASSERTIONS = NO;
				ENABLE_STRICT_OBJC_MSGSEND = YES;
				GCC_C_LANGUAGE_STANDARD = gnu11;
				GCC_NO_COMMON_BLOCKS = YES;
				GCC_WARN_64_TO_32_BIT_CONVERSION = YES;
				GCC_WARN_ABOUT_RETURN_TYPE = YES_ERROR;
				GCC_WARN_UNDECLARED_SELECTOR = YES;
				GCC_WARN_UNINITIALIZED_AUTOS = YES_AGGRESSIVE;
				GCC_WARN_UNUSED_FUNCTION = YES;
				GCC_WARN_UNUSED_VARIABLE = YES;
				IPHONEOS_DEPLOYMENT_TARGET = 13.1;
				MTL_ENABLE_DEBUG_INFO = NO;
				MTL_FAST_MATH = YES;
				SDKROOT = iphoneos;
				SWIFT_COMPILATION_MODE = wholemodule;
				SWIFT_OPTIMIZATION_LEVEL = "-O";
				VALIDATE_PRODUCT = YES;
			};
			name = Release;
		};
		9F479B79237AC4B500CA1378 /* Debug */ = {
			isa = XCBuildConfiguration;
			buildSettings = {
				ASSETCATALOG_COMPILER_APPICON_NAME = AppIcon;
				CODE_SIGN_STYLE = Automatic;
				DEVELOPMENT_TEAM = 9X38PD835B;
				INFOPLIST_FILE = "virtual-tourist/Info.plist";
				LD_RUNPATH_SEARCH_PATHS = (
					"$(inherited)",
					"@executable_path/Frameworks",
				);
				PRODUCT_BUNDLE_IDENTIFIER = "com.hernandazevedo.virtual-tourist";
				PRODUCT_NAME = "Virtual Tourist";
				SWIFT_VERSION = 5.0;
				TARGETED_DEVICE_FAMILY = "1,2";
			};
			name = Debug;
		};
		9F479B7A237AC4B500CA1378 /* Release */ = {
			isa = XCBuildConfiguration;
			buildSettings = {
				ASSETCATALOG_COMPILER_APPICON_NAME = AppIcon;
				CODE_SIGN_STYLE = Automatic;
				DEVELOPMENT_TEAM = 9X38PD835B;
				INFOPLIST_FILE = "virtual-tourist/Info.plist";
				LD_RUNPATH_SEARCH_PATHS = (
					"$(inherited)",
					"@executable_path/Frameworks",
				);
				PRODUCT_BUNDLE_IDENTIFIER = "com.hernandazevedo.virtual-tourist";
				PRODUCT_NAME = "Virtual Tourist";
				SWIFT_VERSION = 5.0;
				TARGETED_DEVICE_FAMILY = "1,2";
			};
			name = Release;
		};
/* End XCBuildConfiguration section */

/* Begin XCConfigurationList section */
		9F479B5C237AC4AD00CA1378 /* Build configuration list for PBXProject "virtual-tourist" */ = {
			isa = XCConfigurationList;
			buildConfigurations = (
				9F479B76237AC4B500CA1378 /* Debug */,
				9F479B77237AC4B500CA1378 /* Release */,
			);
			defaultConfigurationIsVisible = 0;
			defaultConfigurationName = Release;
		};
		9F479B78237AC4B500CA1378 /* Build configuration list for PBXNativeTarget "virtual-tourist" */ = {
			isa = XCConfigurationList;
			buildConfigurations = (
				9F479B79237AC4B500CA1378 /* Debug */,
				9F479B7A237AC4B500CA1378 /* Release */,
			);
			defaultConfigurationIsVisible = 0;
			defaultConfigurationName = Release;
		};
/* End XCConfigurationList section */

/* Begin XCVersionGroup section */
		9F479B6D237AC4AD00CA1378 /* VirtualTouristStore.xcdatamodeld */ = {
			isa = XCVersionGroup;
			children = (
				9F479B6E237AC4AD00CA1378 /* virtual_tourist.xcdatamodel */,
			);
			currentVersion = 9F479B6E237AC4AD00CA1378 /* virtual_tourist.xcdatamodel */;
			path = VirtualTouristStore.xcdatamodeld;
			sourceTree = "<group>";
			versionGroupType = wrapper.xcdatamodel;
		};
/* End XCVersionGroup section */
	};
	rootObject = 9F479B59237AC4AD00CA1378 /* Project object */;
}
